
Microsoft Visual Studio Solution File, Format Version 12.00
# Visual Studio 15
VisualStudioVersion = 15.0.28307.438
MinimumVisualStudioVersion = 10.0.40219.1
Project("{FAE04EC0-301F-11D3-BF4B-00C04F79EFBC}") = "MicroERP.Web", "MicroERP.Web\MicroERP.Web.csproj", "{584A9B95-77D4-4ABB-BA31-7A5DFDC86B6E}"
EndProject
Project("{FAE04EC0-301F-11D3-BF4B-00C04F79EFBC}") = "MicroERP.DAL", "MicroERP.DAL\MicroERP.DAL.csproj", "{87BDE9B8-3117-4F18-B479-95318CA49D57}"
EndProject
Project("{FAE04EC0-301F-11D3-BF4B-00C04F79EFBC}") = "MicroERP.BLL", "MicroERP.BLL\MicroERP.BLL.csproj", "{C570B7F4-F1FF-4F87-9CBB-70F3C066864A}"
EndProject
Project("{FAE04EC0-301F-11D3-BF4B-00C04F79EFBC}") = "MicroERP.IDAL", "MicroERP.IDAL\MicroERP.IDAL.csproj", "{E1C4385B-271C-4090-97B9-D20C84FD4493}"
EndProject
Project("{FAE04EC0-301F-11D3-BF4B-00C04F79EFBC}") = "MicroERP.Model", "MicroERP.Model\MicroERP.Model.csproj", "{FF00C947-BB1C-4140-9BEF-B57BB37D60BF}"
EndProject
Global
	GlobalSection(SolutionConfigurationPlatforms) = preSolution
		Debug|Any CPU = Debug|Any CPU
		Release|Any CPU = Release|Any CPU
	EndGlobalSection
	GlobalSection(ProjectConfigurationPlatforms) = postSolution
		{584A9B95-77D4-4ABB-BA31-7A5DFDC86B6E}.Debug|Any CPU.ActiveCfg = Debug|Any CPU
		{584A9B95-77D4-4ABB-BA31-7A5DFDC86B6E}.Debug|Any CPU.Build.0 = Debug|Any CPU
		{584A9B95-77D4-4ABB-BA31-7A5DFDC86B6E}.Release|Any CPU.ActiveCfg = Release|Any CPU
		{584A9B95-77D4-4ABB-BA31-7A5DFDC86B6E}.Release|Any CPU.Build.0 = Release|Any CPU
		{87BDE9B8-3117-4F18-B479-95318CA49D57}.Debug|Any CPU.ActiveCfg = Debug|Any CPU
		{87BDE9B8-3117-4F18-B479-95318CA49D57}.Debug|Any CPU.Build.0 = Debug|Any CPU
		{87BDE9B8-3117-4F18-B479-95318CA49D57}.Release|Any CPU.ActiveCfg = Release|Any CPU
		{87BDE9B8-3117-4F18-B479-95318CA49D57}.Release|Any CPU.Build.0 = Release|Any CPU
		{C570B7F4-F1FF-4F87-9CBB-70F3C066864A}.Debug|Any CPU.ActiveCfg = Debug|Any CPU
		{C570B7F4-F1FF-4F87-9CBB-70F3C066864A}.Debug|Any CPU.Build.0 = Debug|Any CPU
		{C570B7F4-F1FF-4F87-9CBB-70F3C066864A}.Release|Any CPU.ActiveCfg = Release|Any CPU
		{C570B7F4-F1FF-4F87-9CBB-70F3C066864A}.Release|Any CPU.Build.0 = Release|Any CPU
		{E1C4385B-271C-4090-97B9-D20C84FD4493}.Debug|Any CPU.ActiveCfg = Debug|Any CPU
		{E1C4385B-271C-4090-97B9-D20C84FD4493}.Debug|Any CPU.Build.0 = Debug|Any CPU
		{E1C4385B-271C-4090-97B9-D20C84FD4493}.Release|Any CPU.ActiveCfg = Release|Any CPU
		{E1C4385B-271C-4090-97B9-D20C84FD4493}.Release|Any CPU.Build.0 = Release|Any CPU
		{FF00C947-BB1C-4140-9BEF-B57BB37D60BF}.Debug|Any CPU.ActiveCfg = Debug|Any CPU
		{FF00C947-BB1C-4140-9BEF-B57BB37D60BF}.Debug|Any CPU.Build.0 = Debug|Any CPU
		{FF00C947-BB1C-4140-9BEF-B57BB37D60BF}.Release|Any CPU.ActiveCfg = Release|Any CPU
		{FF00C947-BB1C-4140-9BEF-B57BB37D60BF}.Release|Any CPU.Build.0 = Release|Any CPU
	EndGlobalSection
	GlobalSection(SolutionProperties) = preSolution
		HideSolutionNode = FALSE
	EndGlobalSection
	GlobalSection(ExtensibilityGlobals) = postSolution
		SolutionGuid = {7F8352E6-BAC7-4D6B-937E-2B1F759B22EE}
	EndGlobalSection
EndGlobal
